
Microsoft Visual Studio Solution File, Format Version 12.00
# Visual Studio 15
Project("{FAE04EC0-301F-11D3-BF4B-00C04F79EFBC}") = "PlacePicker", "PlacePicker\PlacePicker.csproj", "{5893CDCF-90F1-4507-8658-B523DB72897A}"
EndProject
Project("{2150E333-8FDC-42A3-9474-1A3956D46DE8}") = "sample", "sample", "{E193071B-CFB0-4134-9778-9F33D711FC77}"
EndProject
Project("{FAE04EC0-301F-11D3-BF4B-00C04F79EFBC}") = "DemoApp.Android", "sample\DemoApp.Android\DemoApp.Android.csproj", "{9B33D502-7088-4409-BB8E-61BFC52D6AA6}"
EndProject
Project("{FAE04EC0-301F-11D3-BF4B-00C04F79EFBC}") = "DemoApp.iOS", "sample\DemoApp.iOS\DemoApp.iOS.csproj", "{BC9177C7-EC97-455D-948E-D16C0FEAF811}"
EndProject
Project("{FAE04EC0-301F-11D3-BF4B-00C04F79EFBC}") = "DemoApp", "sample\DemoApp\DemoApp.csproj", "{3A2412AD-3495-4DEB-AFF8-BF0E28ED28E9}"
EndProject
Global
	GlobalSection(SolutionConfigurationPlatforms) = preSolution
		Debug|Any CPU = Debug|Any CPU
		Release|Any CPU = Release|Any CPU
		Debug|iPhoneSimulator = Debug|iPhoneSimulator
		Release|iPhoneSimulator = Release|iPhoneSimulator
		Debug|iPhone = Debug|iPhone
		Release|iPhone = Release|iPhone
		Ad-Hoc|iPhone = Ad-Hoc|iPhone
		AppStore|iPhone = AppStore|iPhone
	EndGlobalSection
	GlobalSection(ProjectConfigurationPlatforms) = postSolution
		{5893CDCF-90F1-4507-8658-B523DB72897A}.Debug|Any CPU.ActiveCfg = Debug|Any CPU
		{5893CDCF-90F1-4507-8658-B523DB72897A}.Debug|Any CPU.Build.0 = Debug|Any CPU
		{5893CDCF-90F1-4507-8658-B523DB72897A}.Release|Any CPU.ActiveCfg = Release|Any CPU
		{5893CDCF-90F1-4507-8658-B523DB72897A}.Release|Any CPU.Build.0 = Release|Any CPU
		{5893CDCF-90F1-4507-8658-B523DB72897A}.Debug|iPhoneSimulator.ActiveCfg = Debug|Any CPU
		{5893CDCF-90F1-4507-8658-B523DB72897A}.Debug|iPhoneSimulator.Build.0 = Debug|Any CPU
		{5893CDCF-90F1-4507-8658-B523DB72897A}.Release|iPhoneSimulator.ActiveCfg = Release|Any CPU
		{5893CDCF-90F1-4507-8658-B523DB72897A}.Release|iPhoneSimulator.Build.0 = Release|Any CPU
		{5893CDCF-90F1-4507-8658-B523DB72897A}.Debug|iPhone.ActiveCfg = Debug|Any CPU
		{5893CDCF-90F1-4507-8658-B523DB72897A}.Debug|iPhone.Build.0 = Debug|Any CPU
		{5893CDCF-90F1-4507-8658-B523DB72897A}.Release|iPhone.ActiveCfg = Release|Any CPU
		{5893CDCF-90F1-4507-8658-B523DB72897A}.Release|iPhone.Build.0 = Release|Any CPU
		{5893CDCF-90F1-4507-8658-B523DB72897A}.Ad-Hoc|iPhone.ActiveCfg = Debug|Any CPU
		{5893CDCF-90F1-4507-8658-B523DB72897A}.Ad-Hoc|iPhone.Build.0 = Debug|Any CPU
		{5893CDCF-90F1-4507-8658-B523DB72897A}.AppStore|iPhone.ActiveCfg = Debug|Any CPU
		{5893CDCF-90F1-4507-8658-B523DB72897A}.AppStore|iPhone.Build.0 = Debug|Any CPU
		{9B33D502-7088-4409-BB8E-61BFC52D6AA6}.Debug|Any CPU.ActiveCfg = Debug|Any CPU
		{9B33D502-7088-4409-BB8E-61BFC52D6AA6}.Debug|Any CPU.Build.0 = Debug|Any CPU
		{9B33D502-7088-4409-BB8E-61BFC52D6AA6}.Release|Any CPU.ActiveCfg = Release|Any CPU
		{9B33D502-7088-4409-BB8E-61BFC52D6AA6}.Release|Any CPU.Build.0 = Release|Any CPU
		{9B33D502-7088-4409-BB8E-61BFC52D6AA6}.Debug|iPhoneSimulator.ActiveCfg = Debug|Any CPU
		{9B33D502-7088-4409-BB8E-61BFC52D6AA6}.Debug|iPhoneSimulator.Build.0 = Debug|Any CPU
		{9B33D502-7088-4409-BB8E-61BFC52D6AA6}.Release|iPhoneSimulator.ActiveCfg = Release|Any CPU
		{9B33D502-7088-4409-BB8E-61BFC52D6AA6}.Release|iPhoneSimulator.Build.0 = Release|Any CPU
		{9B33D502-7088-4409-BB8E-61BFC52D6AA6}.Debug|iPhone.ActiveCfg = Debug|Any CPU
		{9B33D502-7088-4409-BB8E-61BFC52D6AA6}.Debug|iPhone.Build.0 = Debug|Any CPU
		{9B33D502-7088-4409-BB8E-61BFC52D6AA6}.Release|iPhone.ActiveCfg = Release|Any CPU
		{9B33D502-7088-4409-BB8E-61BFC52D6AA6}.Release|iPhone.Build.0 = Release|Any CPU
		{9B33D502-7088-4409-BB8E-61BFC52D6AA6}.Ad-Hoc|iPhone.ActiveCfg = Debug|Any CPU
		{9B33D502-7088-4409-BB8E-61BFC52D6AA6}.Ad-Hoc|iPhone.Build.0 = Debug|Any CPU
		{9B33D502-7088-4409-BB8E-61BFC52D6AA6}.AppStore|iPhone.ActiveCfg = Debug|Any CPU
		{9B33D502-7088-4409-BB8E-61BFC52D6AA6}.AppStore|iPhone.Build.0 = Debug|Any CPU
		{BC9177C7-EC97-455D-948E-D16C0FEAF811}.Debug|Any CPU.ActiveCfg = Debug|iPhoneSimulator
		{BC9177C7-EC97-455D-948E-D16C0FEAF811}.Debug|Any CPU.Build.0 = Debug|iPhoneSimulator
		{BC9177C7-EC97-455D-948E-D16C0FEAF811}.Release|Any CPU.ActiveCfg = Release|iPhoneSimulator
		{BC9177C7-EC97-455D-948E-D16C0FEAF811}.Release|Any CPU.Build.0 = Release|iPhoneSimulator
		{BC9177C7-EC97-455D-948E-D16C0FEAF811}.Debug|iPhoneSimulator.ActiveCfg = Debug|iPhoneSimulator
		{BC9177C7-EC97-455D-948E-D16C0FEAF811}.Debug|iPhoneSimulator.Build.0 = Debug|iPhoneSimulator
		{BC9177C7-EC97-455D-948E-D16C0FEAF811}.Release|iPhoneSimulator.ActiveCfg = Release|iPhoneSimulator
		{BC9177C7-EC97-455D-948E-D16C0FEAF811}.Release|iPhoneSimulator.Build.0 = Release|iPhoneSimulator
		{BC9177C7-EC97-455D-948E-D16C0FEAF811}.Debug|iPhone.ActiveCfg = Debug|iPhone
		{BC9177C7-EC97-455D-948E-D16C0FEAF811}.Debug|iPhone.Build.0 = Debug|iPhone
		{BC9177C7-EC97-455D-948E-D16C0FEAF811}.Release|iPhone.ActiveCfg = Release|iPhone
		{BC9177C7-EC97-455D-948E-D16C0FEAF811}.Release|iPhone.Build.0 = Release|iPhone
		{BC9177C7-EC97-455D-948E-D16C0FEAF811}.Ad-Hoc|iPhone.ActiveCfg = Ad-Hoc|iPhone
		{BC9177C7-EC97-455D-948E-D16C0FEAF811}.Ad-Hoc|iPhone.Build.0 = Ad-Hoc|iPhone
		{BC9177C7-EC97-455D-948E-D16C0FEAF811}.AppStore|iPhone.ActiveCfg = AppStore|iPhone
		{BC9177C7-EC97-455D-948E-D16C0FEAF811}.AppStore|iPhone.Build.0 = AppStore|iPhone
		{3A2412AD-3495-4DEB-AFF8-BF0E28ED28E9}.Debug|Any CPU.ActiveCfg = Debug|Any CPU
		{3A2412AD-3495-4DEB-AFF8-BF0E28ED28E9}.Debug|Any CPU.Build.0 = Debug|Any CPU
		{3A2412AD-3495-4DEB-AFF8-BF0E28ED28E9}.Release|Any CPU.ActiveCfg = Release|Any CPU
		{3A2412AD-3495-4DEB-AFF8-BF0E28ED28E9}.Release|Any CPU.Build.0 = Release|Any CPU
		{3A2412AD-3495-4DEB-AFF8-BF0E28ED28E9}.Debug|iPhoneSimulator.ActiveCfg = Debug|Any CPU
		{3A2412AD-3495-4DEB-AFF8-BF0E28ED28E9}.Debug|iPhoneSimulator.Build.0 = Debug|Any CPU
		{3A2412AD-3495-4DEB-AFF8-BF0E28ED28E9}.Release|iPhoneSimulator.ActiveCfg = Release|Any CPU
		{3A2412AD-3495-4DEB-AFF8-BF0E28ED28E9}.Release|iPhoneSimulator.Build.0 = Release|Any CPU
		{3A2412AD-3495-4DEB-AFF8-BF0E28ED28E9}.Debug|iPhone.ActiveCfg = Debug|Any CPU
		{3A2412AD-3495-4DEB-AFF8-BF0E28ED28E9}.Debug|iPhone.Build.0 = Debug|Any CPU
		{3A2412AD-3495-4DEB-AFF8-BF0E28ED28E9}.Release|iPhone.ActiveCfg = Release|Any CPU
		{3A2412AD-3495-4DEB-AFF8-BF0E28ED28E9}.Release|iPhone.Build.0 = Release|Any CPU
		{3A2412AD-3495-4DEB-AFF8-BF0E28ED28E9}.Ad-Hoc|iPhone.ActiveCfg = Debug|Any CPU
		{3A2412AD-3495-4DEB-AFF8-BF0E28ED28E9}.Ad-Hoc|iPhone.Build.0 = Debug|Any CPU
		{3A2412AD-3495-4DEB-AFF8-BF0E28ED28E9}.AppStore|iPhone.ActiveCfg = Debug|Any CPU
		{3A2412AD-3495-4DEB-AFF8-BF0E28ED28E9}.AppStore|iPhone.Build.0 = Debug|Any CPU
	EndGlobalSection
	GlobalSection(NestedProjects) = preSolution
		{9B33D502-7088-4409-BB8E-61BFC52D6AA6} = {E193071B-CFB0-4134-9778-9F33D711FC77}
		{BC9177C7-EC97-455D-948E-D16C0FEAF811} = {E193071B-CFB0-4134-9778-9F33D711FC77}
		{3A2412AD-3495-4DEB-AFF8-BF0E28ED28E9} = {E193071B-CFB0-4134-9778-9F33D711FC77}
	EndGlobalSection
EndGlobal
